
Microsoft Visual Studio Solution File, Format Version 12.00
# Visual Studio Version 16
VisualStudioVersion = 16.0.31613.86
MinimumVisualStudioVersion = 10.0.40219.1
Project("{FAE04EC0-301F-11D3-BF4B-00C04F79EFBC}") = "Module3HW1", "Module3HW1\Module3HW1.csproj", "{7D6F2761-43B0-4720-80CC-B0D92AE7D536}"
EndProject
Global
	GlobalSection(SolutionConfigurationPlatforms) = preSolution
		Debug|Any CPU = Debug|Any CPU
		Release|Any CPU = Release|Any CPU
	EndGlobalSection
	GlobalSection(ProjectConfigurationPlatforms) = postSolution
		{7D6F2761-43B0-4720-80CC-B0D92AE7D536}.Debug|Any CPU.ActiveCfg = Debug|Any CPU
		{7D6F2761-43B0-4720-80CC-B0D92AE7D536}.Debug|Any CPU.Build.0 = Debug|Any CPU
		{7D6F2761-43B0-4720-80CC-B0D92AE7D536}.Release|Any CPU.ActiveCfg = Release|Any CPU
		{7D6F2761-43B0-4720-80CC-B0D92AE7D536}.Release|Any CPU.Build.0 = Release|Any CPU
	EndGlobalSection
	GlobalSection(SolutionProperties) = preSolution
		HideSolutionNode = FALSE
	EndGlobalSection
	GlobalSection(ExtensibilityGlobals) = postSolution
		SolutionGuid = {4DA0649B-44B1-4763-8266-BBC12D571F4C}
	EndGlobalSection
EndGlobal
